
Microsoft Visual Studio Solution File, Format Version 12.00
# Visual Studio Version 16
VisualStudioVersion = 16.0.31321.278
MinimumVisualStudioVersion = 10.0.40219.1
Project("{FAE04EC0-301F-11D3-BF4B-00C04F79EFBC}") = "HuntonAssignment0", "HuntonAssignment0\HuntonAssignment0.csproj", "{5B2D00E2-8CCB-4A88-93A3-42AC7F9E97AD}"
EndProject
Global
	GlobalSection(SolutionConfigurationPlatforms) = preSolution
		Debug|Any CPU = Debug|Any CPU
		Release|Any CPU = Release|Any CPU
	EndGlobalSection
	GlobalSection(ProjectConfigurationPlatforms) = postSolution
		{5B2D00E2-8CCB-4A88-93A3-42AC7F9E97AD}.Debug|Any CPU.ActiveCfg = Debug|Any CPU
		{5B2D00E2-8CCB-4A88-93A3-42AC7F9E97AD}.Debug|Any CPU.Build.0 = Debug|Any CPU
		{5B2D00E2-8CCB-4A88-93A3-42AC7F9E97AD}.Release|Any CPU.ActiveCfg = Release|Any CPU
		{5B2D00E2-8CCB-4A88-93A3-42AC7F9E97AD}.Release|Any CPU.Build.0 = Release|Any CPU
	EndGlobalSection
	GlobalSection(SolutionProperties) = preSolution
		HideSolutionNode = FALSE
	EndGlobalSection
	GlobalSection(ExtensibilityGlobals) = postSolution
		SolutionGuid = {8225DFC2-812F-458A-BDF5-017F9CDEF8C6}
	EndGlobalSection
EndGlobal
